// !$*UTF8*$!
{
	archiveVersion = 1;
	classes = {
	};
	objectVersion = 56;
	objects = {

/* Begin PBXBuildFile section */
		323089942C81F0A6009F6AFB /* CustomTabs.swift in Sources */ = {isa = PBXBuildFile; fileRef = 323089932C81F0A6009F6AFB /* CustomTabs.swift */; };
		323089972C81F202009F6AFB /* Color.swift in Sources */ = {isa = PBXBuildFile; fileRef = 323089962C81F202009F6AFB /* Color.swift */; };
		3230899A2C81F25E009F6AFB /* Space.swift in Sources */ = {isa = PBXBuildFile; fileRef = 323089992C81F25E009F6AFB /* Space.swift */; };
		3230899E2C820184009F6AFB /* StateUserDefault.swift in Sources */ = {isa = PBXBuildFile; fileRef = 3230899D2C820184009F6AFB /* StateUserDefault.swift */; };
		3296AD1E2C85E18D004D81E9 /* Types.swift in Sources */ = {isa = PBXBuildFile; fileRef = 3296AD1D2C85E18D004D81E9 /* Types.swift */; };
		3296AD202C86000C004D81E9 /* ScreenshotService.swift in Sources */ = {isa = PBXBuildFile; fileRef = 3296AD1F2C86000C004D81E9 /* ScreenshotService.swift */; };
		3296AD222C86003D004D81E9 /* ClipboardService.swift in Sources */ = {isa = PBXBuildFile; fileRef = 3296AD212C86003D004D81E9 /* ClipboardService.swift */; };
		3296AD252C860805004D81E9 /* OCRYoudaoService.swift in Sources */ = {isa = PBXBuildFile; fileRef = 3296AD242C860805004D81E9 /* OCRYoudaoService.swift */; };
		3296AD282C860860004D81E9 /* ImageUtil.swift in Sources */ = {isa = PBXBuildFile; fileRef = 3296AD272C860860004D81E9 /* ImageUtil.swift */; };
		3296AD2A2C8608DF004D81E9 /* OCRSpaceService.swift in Sources */ = {isa = PBXBuildFile; fileRef = 3296AD292C8608DF004D81E9 /* OCRSpaceService.swift */; };
		3296AD2C2C861338004D81E9 /* FlowService.swift in Sources */ = {isa = PBXBuildFile; fileRef = 3296AD2B2C861338004D81E9 /* FlowService.swift */; };
		C8416AC62C859B0300AF36EB /* Keys.swift in Sources */ = {isa = PBXBuildFile; fileRef = C8416AC52C859B0300AF36EB /* Keys.swift */; };
		C8416AC92C859D9400AF36EB /* AppStorage.swift in Sources */ = {isa = PBXBuildFile; fileRef = C8416AC82C859D9400AF36EB /* AppStorage.swift */; };
		C8416ACC2C85AA9B00AF36EB /* Configurations.swift in Sources */ = {isa = PBXBuildFile; fileRef = C8416ACB2C85AA9B00AF36EB /* Configurations.swift */; };
		C8416ACE2C85B09400AF36EB /* AppDelegate.swift in Sources */ = {isa = PBXBuildFile; fileRef = C8416ACD2C85B09400AF36EB /* AppDelegate.swift */; };
		C87368122C8194480058C473 /* MainApp.swift in Sources */ = {isa = PBXBuildFile; fileRef = C87368112C8194480058C473 /* MainApp.swift */; };
		C87368142C8194480058C473 /* ContentView.swift in Sources */ = {isa = PBXBuildFile; fileRef = C87368132C8194480058C473 /* ContentView.swift */; };
		C87368162C81944A0058C473 /* Assets.xcassets in Resources */ = {isa = PBXBuildFile; fileRef = C87368152C81944A0058C473 /* Assets.xcassets */; };
		C87368192C81944A0058C473 /* Preview Assets.xcassets in Resources */ = {isa = PBXBuildFile; fileRef = C87368182C81944A0058C473 /* Preview Assets.xcassets */; };
		C87368222C8195490058C473 /* RealmSwift in Frameworks */ = {isa = PBXBuildFile; productRef = C87368212C8195490058C473 /* RealmSwift */; };
		C87368242C81975A0058C473 /* RealmSwift in Embed Frameworks */ = {isa = PBXBuildFile; productRef = C87368212C8195490058C473 /* RealmSwift */; settings = {ATTRIBUTES = (CodeSignOnCopy, ); }; };
		C87368272C81A6A80058C473 /* HomeView.swift in Sources */ = {isa = PBXBuildFile; fileRef = C87368262C81A6A80058C473 /* HomeView.swift */; };
		C87368292C81A6C40058C473 /* FlowView.swift in Sources */ = {isa = PBXBuildFile; fileRef = C87368282C81A6C40058C473 /* FlowView.swift */; };
		C873682B2C81A6E50058C473 /* SettingsView.swift in Sources */ = {isa = PBXBuildFile; fileRef = C873682A2C81A6E50058C473 /* SettingsView.swift */; };
		C873682D2C81A7060058C473 /* ChatView.swift in Sources */ = {isa = PBXBuildFile; fileRef = C873682C2C81A7060058C473 /* ChatView.swift */; };
/* End PBXBuildFile section */

/* Begin PBXCopyFilesBuildPhase section */
		C87368252C81975A0058C473 /* Embed Frameworks */ = {
			isa = PBXCopyFilesBuildPhase;
			buildActionMask = 2147483647;
			dstPath = "";
			dstSubfolderSpec = 10;
			files = (
				C87368242C81975A0058C473 /* RealmSwift in Embed Frameworks */,
			);
			name = "Embed Frameworks";
			runOnlyForDeploymentPostprocessing = 0;
		};
/* End PBXCopyFilesBuildPhase section */

/* Begin PBXFileReference section */
		323089932C81F0A6009F6AFB /* CustomTabs.swift */ = {isa = PBXFileReference; lastKnownFileType = sourcecode.swift; path = CustomTabs.swift; sourceTree = "<group>"; };
		323089962C81F202009F6AFB /* Color.swift */ = {isa = PBXFileReference; lastKnownFileType = sourcecode.swift; path = Color.swift; sourceTree = "<group>"; };
		323089992C81F25E009F6AFB /* Space.swift */ = {isa = PBXFileReference; lastKnownFileType = sourcecode.swift; path = Space.swift; sourceTree = "<group>"; };
		3230899D2C820184009F6AFB /* StateUserDefault.swift */ = {isa = PBXFileReference; lastKnownFileType = sourcecode.swift; path = StateUserDefault.swift; sourceTree = "<group>"; };
		3296AD1D2C85E18D004D81E9 /* Types.swift */ = {isa = PBXFileReference; lastKnownFileType = sourcecode.swift; path = Types.swift; sourceTree = "<group>"; };
		3296AD1F2C86000C004D81E9 /* ScreenshotService.swift */ = {isa = PBXFileReference; lastKnownFileType = sourcecode.swift; name = ScreenshotService.swift; path = ShortcutsAI/Service/ScreenshotService.swift; sourceTree = SOURCE_ROOT; };
		3296AD212C86003D004D81E9 /* ClipboardService.swift */ = {isa = PBXFileReference; lastKnownFileType = sourcecode.swift; name = ClipboardService.swift; path = ShortcutsAI/Service/ClipboardService.swift; sourceTree = SOURCE_ROOT; };
		3296AD242C860805004D81E9 /* OCRYoudaoService.swift */ = {isa = PBXFileReference; lastKnownFileType = sourcecode.swift; path = OCRYoudaoService.swift; sourceTree = "<group>"; };
		3296AD272C860860004D81E9 /* ImageUtil.swift */ = {isa = PBXFileReference; lastKnownFileType = sourcecode.swift; path = ImageUtil.swift; sourceTree = "<group>"; };
		3296AD292C8608DF004D81E9 /* OCRSpaceService.swift */ = {isa = PBXFileReference; lastKnownFileType = sourcecode.swift; path = OCRSpaceService.swift; sourceTree = "<group>"; };
		3296AD2B2C861338004D81E9 /* FlowService.swift */ = {isa = PBXFileReference; lastKnownFileType = sourcecode.swift; path = FlowService.swift; sourceTree = "<group>"; };
		C8416AC52C859B0300AF36EB /* Keys.swift */ = {isa = PBXFileReference; lastKnownFileType = sourcecode.swift; path = Keys.swift; sourceTree = "<group>"; };
		C8416AC82C859D9400AF36EB /* AppStorage.swift */ = {isa = PBXFileReference; lastKnownFileType = sourcecode.swift; path = AppStorage.swift; sourceTree = "<group>"; };
		C8416ACB2C85AA9B00AF36EB /* Configurations.swift */ = {isa = PBXFileReference; lastKnownFileType = sourcecode.swift; path = Configurations.swift; sourceTree = "<group>"; };
		C8416ACD2C85B09400AF36EB /* AppDelegate.swift */ = {isa = PBXFileReference; lastKnownFileType = sourcecode.swift; path = AppDelegate.swift; sourceTree = "<group>"; };
		C873680E2C8194480058C473 /* ShortcutsAI.app */ = {isa = PBXFileReference; explicitFileType = wrapper.application; includeInIndex = 0; path = ShortcutsAI.app; sourceTree = BUILT_PRODUCTS_DIR; };
		C87368112C8194480058C473 /* MainApp.swift */ = {isa = PBXFileReference; lastKnownFileType = sourcecode.swift; path = MainApp.swift; sourceTree = "<group>"; };
		C87368132C8194480058C473 /* ContentView.swift */ = {isa = PBXFileReference; lastKnownFileType = sourcecode.swift; path = ContentView.swift; sourceTree = "<group>"; };
		C87368152C81944A0058C473 /* Assets.xcassets */ = {isa = PBXFileReference; lastKnownFileType = folder.assetcatalog; path = Assets.xcassets; sourceTree = "<group>"; };
		C87368182C81944A0058C473 /* Preview Assets.xcassets */ = {isa = PBXFileReference; lastKnownFileType = folder.assetcatalog; path = "Preview Assets.xcassets"; sourceTree = "<group>"; };
		C873681A2C81944A0058C473 /* ShortcutsAI.entitlements */ = {isa = PBXFileReference; lastKnownFileType = text.plist.entitlements; path = ShortcutsAI.entitlements; sourceTree = "<group>"; };
		C87368262C81A6A80058C473 /* HomeView.swift */ = {isa = PBXFileReference; lastKnownFileType = sourcecode.swift; path = HomeView.swift; sourceTree = "<group>"; };
		C87368282C81A6C40058C473 /* FlowView.swift */ = {isa = PBXFileReference; lastKnownFileType = sourcecode.swift; path = FlowView.swift; sourceTree = "<group>"; };
		C873682A2C81A6E50058C473 /* SettingsView.swift */ = {isa = PBXFileReference; lastKnownFileType = sourcecode.swift; path = SettingsView.swift; sourceTree = "<group>"; };
		C873682C2C81A7060058C473 /* ChatView.swift */ = {isa = PBXFileReference; lastKnownFileType = sourcecode.swift; path = ChatView.swift; sourceTree = "<group>"; };
/* End PBXFileReference section */

/* Begin PBXFrameworksBuildPhase section */
		C873680B2C8194480058C473 /* Frameworks */ = {
			isa = PBXFrameworksBuildPhase;
			buildActionMask = 2147483647;
			files = (
				C87368222C8195490058C473 /* RealmSwift in Frameworks */,
			);
			runOnlyForDeploymentPostprocessing = 0;
		};
/* End PBXFrameworksBuildPhase section */

/* Begin PBXGroup section */
		323089912C81F07C009F6AFB /* Components */ = {
			isa = PBXGroup;
			children = (
				323089932C81F0A6009F6AFB /* CustomTabs.swift */,
				323089992C81F25E009F6AFB /* Space.swift */,
			);
			path = Components;
			sourceTree = "<group>";
		};
		323089952C81F1F5009F6AFB /* Extension */ = {
			isa = PBXGroup;
			children = (
				C8416AC82C859D9400AF36EB /* AppStorage.swift */,
				323089962C81F202009F6AFB /* Color.swift */,
			);
			path = Extension;
			sourceTree = "<group>";
		};
		3230899B2C82015A009F6AFB /* PropertyWrapper */ = {
			isa = PBXGroup;
			children = (
				3230899D2C820184009F6AFB /* StateUserDefault.swift */,
			);
			path = PropertyWrapper;
			sourceTree = "<group>";
		};
		3296AD232C8606E8004D81E9 /* Service */ = {
			isa = PBXGroup;
			children = (
				3296AD212C86003D004D81E9 /* ClipboardService.swift */,
				3296AD1F2C86000C004D81E9 /* ScreenshotService.swift */,
				3296AD242C860805004D81E9 /* OCRYoudaoService.swift */,
				3296AD292C8608DF004D81E9 /* OCRSpaceService.swift */,
				3296AD2B2C861338004D81E9 /* FlowService.swift */,
			);
			path = Service;
			sourceTree = "<group>";
		};
		3296AD262C860841004D81E9 /* Utils */ = {
			isa = PBXGroup;
			children = (
				3296AD272C860860004D81E9 /* ImageUtil.swift */,
			);
			path = Utils;
			sourceTree = "<group>";
		};
		C8416ACA2C85AA8300AF36EB /* Configs */ = {
			isa = PBXGroup;
			children = (
				C8416ACB2C85AA9B00AF36EB /* Configurations.swift */,
			);
			path = Configs;
			sourceTree = "<group>";
		};
		C87368052C8194480058C473 = {
			isa = PBXGroup;
			children = (
				C87368102C8194480058C473 /* ShortcutsAI */,
				C873680F2C8194480058C473 /* Products */,
			);
			sourceTree = "<group>";
		};
		C873680F2C8194480058C473 /* Products */ = {
			isa = PBXGroup;
			children = (
				C873680E2C8194480058C473 /* ShortcutsAI.app */,
			);
			name = Products;
			sourceTree = "<group>";
		};
		C87368102C8194480058C473 /* ShortcutsAI */ = {
			isa = PBXGroup;
			children = (
				3296AD232C8606E8004D81E9 /* Service */,
				C8416ACA2C85AA8300AF36EB /* Configs */,
				3230899B2C82015A009F6AFB /* PropertyWrapper */,
				323089952C81F1F5009F6AFB /* Extension */,
				323089912C81F07C009F6AFB /* Components */,
				C87368232C81957D0058C473 /* Views */,
				3296AD262C860841004D81E9 /* Utils */,
				C87368112C8194480058C473 /* MainApp.swift */,
				C87368132C8194480058C473 /* ContentView.swift */,
				C87368152C81944A0058C473 /* Assets.xcassets */,
				C873681A2C81944A0058C473 /* ShortcutsAI.entitlements */,
				C87368172C81944A0058C473 /* Preview Content */,
				C8416AC52C859B0300AF36EB /* Keys.swift */,
				C8416ACD2C85B09400AF36EB /* AppDelegate.swift */,
				3296AD1D2C85E18D004D81E9 /* Types.swift */,
			);
			path = ShortcutsAI;
			sourceTree = "<group>";
		};
		C87368172C81944A0058C473 /* Preview Content */ = {
			isa = PBXGroup;
			children = (
				C87368182C81944A0058C473 /* Preview Assets.xcassets */,
			);
			path = "Preview Content";
			sourceTree = "<group>";
		};
		C87368232C81957D0058C473 /* Views */ = {
			isa = PBXGroup;
			children = (
				C87368262C81A6A80058C473 /* HomeView.swift */,
				C87368282C81A6C40058C473 /* FlowView.swift */,
				C873682A2C81A6E50058C473 /* SettingsView.swift */,
				C873682C2C81A7060058C473 /* ChatView.swift */,
			);
			path = Views;
			sourceTree = "<group>";
		};
/* End PBXGroup section */

/* Begin PBXNativeTarget section */
		C873680D2C8194480058C473 /* ShortcutsAI */ = {
			isa = PBXNativeTarget;
			buildConfigurationList = C873681D2C81944A0058C473 /* Build configuration list for PBXNativeTarget "ShortcutsAI" */;
			buildPhases = (
				C873680A2C8194480058C473 /* Sources */,
				C873680B2C8194480058C473 /* Frameworks */,
				C873680C2C8194480058C473 /* Resources */,
				C87368252C81975A0058C473 /* Embed Frameworks */,
			);
			buildRules = (
			);
			dependencies = (
			);
			name = ShortcutsAI;
			packageProductDependencies = (
				C87368212C8195490058C473 /* RealmSwift */,
			);
			productName = ShortcutsAI;
			productReference = C873680E2C8194480058C473 /* ShortcutsAI.app */;
			productType = "com.apple.product-type.application";
		};
/* End PBXNativeTarget section */

/* Begin PBXProject section */
		C87368062C8194480058C473 /* Project object */ = {
			isa = PBXProject;
			attributes = {
				BuildIndependentTargetsInParallel = 1;
				LastSwiftUpdateCheck = 1520;
				LastUpgradeCheck = 1520;
				TargetAttributes = {
					C873680D2C8194480058C473 = {
						CreatedOnToolsVersion = 15.2;
					};
				};
			};
			buildConfigurationList = C87368092C8194480058C473 /* Build configuration list for PBXProject "ShortcutsAI" */;
			compatibilityVersion = "Xcode 14.0";
			developmentRegion = en;
			hasScannedForEncodings = 0;
			knownRegions = (
				en,
				Base,
			);
			mainGroup = C87368052C8194480058C473;
			packageReferences = (
				C87368202C8195480058C473 /* XCRemoteSwiftPackageReference "realm-swift" */,
			);
			productRefGroup = C873680F2C8194480058C473 /* Products */;
			projectDirPath = "";
			projectRoot = "";
			targets = (
				C873680D2C8194480058C473 /* ShortcutsAI */,
			);
		};
/* End PBXProject section */

/* Begin PBXResourcesBuildPhase section */
		C873680C2C8194480058C473 /* Resources */ = {
			isa = PBXResourcesBuildPhase;
			buildActionMask = 2147483647;
			files = (
				C87368192C81944A0058C473 /* Preview Assets.xcassets in Resources */,
				C87368162C81944A0058C473 /* Assets.xcassets in Resources */,
			);
			runOnlyForDeploymentPostprocessing = 0;
		};
/* End PBXResourcesBuildPhase section */

/* Begin PBXSourcesBuildPhase section */
		C873680A2C8194480058C473 /* Sources */ = {
			isa = PBXSourcesBuildPhase;
			buildActionMask = 2147483647;
			files = (
				3296AD2C2C861338004D81E9 /* FlowService.swift in Sources */,
				C873682B2C81A6E50058C473 /* SettingsView.swift in Sources */,
				3296AD202C86000C004D81E9 /* ScreenshotService.swift in Sources */,
				C87368292C81A6C40058C473 /* FlowView.swift in Sources */,
				C87368272C81A6A80058C473 /* HomeView.swift in Sources */,
				3296AD1E2C85E18D004D81E9 /* Types.swift in Sources */,
				C87368142C8194480058C473 /* ContentView.swift in Sources */,
				C8416ACE2C85B09400AF36EB /* AppDelegate.swift in Sources */,
				C8416AC62C859B0300AF36EB /* Keys.swift in Sources */,
				C873682D2C81A7060058C473 /* ChatView.swift in Sources */,
				3296AD282C860860004D81E9 /* ImageUtil.swift in Sources */,
				323089972C81F202009F6AFB /* Color.swift in Sources */,
				323089942C81F0A6009F6AFB /* CustomTabs.swift in Sources */,
				3296AD252C860805004D81E9 /* OCRYoudaoService.swift in Sources */,
				3296AD222C86003D004D81E9 /* ClipboardService.swift in Sources */,
				C8416ACC2C85AA9B00AF36EB /* Configurations.swift in Sources */,
				C87368122C8194480058C473 /* MainApp.swift in Sources */,
				C8416AC92C859D9400AF36EB /* AppStorage.swift in Sources */,
				3296AD2A2C8608DF004D81E9 /* OCRSpaceService.swift in Sources */,
				3230899E2C820184009F6AFB /* StateUserDefault.swift in Sources */,
				3230899A2C81F25E009F6AFB /* Space.swift in Sources */,
			);
			runOnlyForDeploymentPostprocessing = 0;
		};
/* End PBXSourcesBuildPhase section */

/* Begin XCBuildConfiguration section */
		C873681B2C81944A0058C473 /* Debug */ = {
			isa = XCBuildConfiguration;
			buildSettings = {
				ALWAYS_SEARCH_USER_PATHS = NO;
				ASSETCATALOG_COMPILER_GENERATE_SWIFT_ASSET_SYMBOL_EXTENSIONS = YES;
				CLANG_ANALYZER_NONNULL = YES;
				CLANG_ANALYZER_NUMBER_OBJECT_CONVERSION = YES_AGGRESSIVE;
				CLANG_CXX_LANGUAGE_STANDARD = "gnu++20";
				CLANG_ENABLE_MODULES = YES;
				CLANG_ENABLE_OBJC_ARC = YES;
				CLANG_ENABLE_OBJC_WEAK = YES;
				CLANG_WARN_BLOCK_CAPTURE_AUTORELEASING = YES;
				CLANG_WARN_BOOL_CONVERSION = YES;
				CLANG_WARN_COMMA = YES;
				CLANG_WARN_CONSTANT_CONVERSION = YES;
				CLANG_WARN_DEPRECATED_OBJC_IMPLEMENTATIONS = YES;
				CLANG_WARN_DIRECT_OBJC_ISA_USAGE = YES_ERROR;
				CLANG_WARN_DOCUMENTATION_COMMENTS = YES;
				CLANG_WARN_EMPTY_BODY = YES;
				CLANG_WARN_ENUM_CONVERSION = YES;
				CLANG_WARN_INFINITE_RECURSION = YES;
				CLANG_WARN_INT_CONVERSION = YES;
				CLANG_WARN_NON_LITERAL_NULL_CONVERSION = YES;
				CLANG_WARN_OBJC_IMPLICIT_RETAIN_SELF = YES;
				CLANG_WARN_OBJC_LITERAL_CONVERSION = YES;
				CLANG_WARN_OBJC_ROOT_CLASS = YES_ERROR;
				CLANG_WARN_QUOTED_INCLUDE_IN_FRAMEWORK_HEADER = YES;
				CLANG_WARN_RANGE_LOOP_ANALYSIS = YES;
				CLANG_WARN_STRICT_PROTOTYPES = YES;
				CLANG_WARN_SUSPICIOUS_MOVE = YES;
				CLANG_WARN_UNGUARDED_AVAILABILITY = YES_AGGRESSIVE;
				CLANG_WARN_UNREACHABLE_CODE = YES;
				CLANG_WARN__DUPLICATE_METHOD_MATCH = YES;
				COPY_PHASE_STRIP = NO;
				DEBUG_INFORMATION_FORMAT = dwarf;
				ENABLE_STRICT_OBJC_MSGSEND = YES;
				ENABLE_TESTABILITY = YES;
				ENABLE_USER_SCRIPT_SANDBOXING = YES;
				GCC_C_LANGUAGE_STANDARD = gnu17;
				GCC_DYNAMIC_NO_PIC = NO;
				GCC_NO_COMMON_BLOCKS = YES;
				GCC_OPTIMIZATION_LEVEL = 0;
				GCC_PREPROCESSOR_DEFINITIONS = (
					"DEBUG=1",
					"$(inherited)",
				);
				GCC_WARN_64_TO_32_BIT_CONVERSION = YES;
				GCC_WARN_ABOUT_RETURN_TYPE = YES_ERROR;
				GCC_WARN_UNDECLARED_SELECTOR = YES;
				GCC_WARN_UNINITIALIZED_AUTOS = YES_AGGRESSIVE;
				GCC_WARN_UNUSED_FUNCTION = YES;
				GCC_WARN_UNUSED_VARIABLE = YES;
				LOCALIZATION_PREFERS_STRING_CATALOGS = YES;
				MACOSX_DEPLOYMENT_TARGET = 13.6;
				MTL_ENABLE_DEBUG_INFO = INCLUDE_SOURCE;
				MTL_FAST_MATH = YES;
				ONLY_ACTIVE_ARCH = YES;
				SDKROOT = macosx;
				SWIFT_ACTIVE_COMPILATION_CONDITIONS = "DEBUG $(inherited)";
				SWIFT_OPTIMIZATION_LEVEL = "-Onone";
			};
			name = Debug;
		};
		C873681C2C81944A0058C473 /* Release */ = {
			isa = XCBuildConfiguration;
			buildSettings = {
				ALWAYS_SEARCH_USER_PATHS = NO;
				ASSETCATALOG_COMPILER_GENERATE_SWIFT_ASSET_SYMBOL_EXTENSIONS = YES;
				CLANG_ANALYZER_NONNULL = YES;
				CLANG_ANALYZER_NUMBER_OBJECT_CONVERSION = YES_AGGRESSIVE;
				CLANG_CXX_LANGUAGE_STANDARD = "gnu++20";
				CLANG_ENABLE_MODULES = YES;
				CLANG_ENABLE_OBJC_ARC = YES;
				CLANG_ENABLE_OBJC_WEAK = YES;
				CLANG_WARN_BLOCK_CAPTURE_AUTORELEASING = YES;
				CLANG_WARN_BOOL_CONVERSION = YES;
				CLANG_WARN_COMMA = YES;
				CLANG_WARN_CONSTANT_CONVERSION = YES;
				CLANG_WARN_DEPRECATED_OBJC_IMPLEMENTATIONS = YES;
				CLANG_WARN_DIRECT_OBJC_ISA_USAGE = YES_ERROR;
				CLANG_WARN_DOCUMENTATION_COMMENTS = YES;
				CLANG_WARN_EMPTY_BODY = YES;
				CLANG_WARN_ENUM_CONVERSION = YES;
				CLANG_WARN_INFINITE_RECURSION = YES;
				CLANG_WARN_INT_CONVERSION = YES;
				CLANG_WARN_NON_LITERAL_NULL_CONVERSION = YES;
				CLANG_WARN_OBJC_IMPLICIT_RETAIN_SELF = YES;
				CLANG_WARN_OBJC_LITERAL_CONVERSION = YES;
				CLANG_WARN_OBJC_ROOT_CLASS = YES_ERROR;
				CLANG_WARN_QUOTED_INCLUDE_IN_FRAMEWORK_HEADER = YES;
				CLANG_WARN_RANGE_LOOP_ANALYSIS = YES;
				CLANG_WARN_STRICT_PROTOTYPES = YES;
				CLANG_WARN_SUSPICIOUS_MOVE = YES;
				CLANG_WARN_UNGUARDED_AVAILABILITY = YES_AGGRESSIVE;
				CLANG_WARN_UNREACHABLE_CODE = YES;
				CLANG_WARN__DUPLICATE_METHOD_MATCH = YES;
				COPY_PHASE_STRIP = NO;
				DEBUG_INFORMATION_FORMAT = "dwarf-with-dsym";
				ENABLE_NS_ASSERTIONS = NO;
				ENABLE_STRICT_OBJC_MSGSEND = YES;
				ENABLE_USER_SCRIPT_SANDBOXING = YES;
				GCC_C_LANGUAGE_STANDARD = gnu17;
				GCC_NO_COMMON_BLOCKS = YES;
				GCC_WARN_64_TO_32_BIT_CONVERSION = YES;
				GCC_WARN_ABOUT_RETURN_TYPE = YES_ERROR;
				GCC_WARN_UNDECLARED_SELECTOR = YES;
				GCC_WARN_UNINITIALIZED_AUTOS = YES_AGGRESSIVE;
				GCC_WARN_UNUSED_FUNCTION = YES;
				GCC_WARN_UNUSED_VARIABLE = YES;
				LOCALIZATION_PREFERS_STRING_CATALOGS = YES;
				MACOSX_DEPLOYMENT_TARGET = 13.6;
				MTL_ENABLE_DEBUG_INFO = NO;
				MTL_FAST_MATH = YES;
				SDKROOT = macosx;
				SWIFT_COMPILATION_MODE = wholemodule;
			};
			name = Release;
		};
		C873681E2C81944A0058C473 /* Debug */ = {
			isa = XCBuildConfiguration;
			buildSettings = {
				ASSETCATALOG_COMPILER_APPICON_NAME = AppIcon;
				ASSETCATALOG_COMPILER_GLOBAL_ACCENT_COLOR_NAME = AccentColor;
				CODE_SIGN_ENTITLEMENTS = ShortcutsAI/ShortcutsAI.entitlements;
				"CODE_SIGN_IDENTITY[sdk=macosx*]" = "Apple Development";
				CODE_SIGN_STYLE = Automatic;
				COMBINE_HIDPI_IMAGES = YES;
				CURRENT_PROJECT_VERSION = 1;
				DEVELOPMENT_ASSET_PATHS = "\"ShortcutsAI/Preview Content\"";
				DEVELOPMENT_TEAM = 5UAVRHNB9N;
				ENABLE_HARDENED_RUNTIME = YES;
				ENABLE_PREVIEWS = YES;
				GENERATE_INFOPLIST_FILE = YES;
				INFOPLIST_KEY_NSHumanReadableCopyright = "";
				LD_RUNPATH_SEARCH_PATHS = (
					"$(inherited)",
					"@executable_path/../Frameworks",
				);
				MACOSX_DEPLOYMENT_TARGET = 13.0;
				MARKETING_VERSION = 1.0;
				PRODUCT_BUNDLE_IDENTIFIER = com.wongyichen.ShortcutsAI;
				PRODUCT_NAME = "$(TARGET_NAME)";
				SWIFT_EMIT_LOC_STRINGS = YES;
				SWIFT_VERSION = 5.0;
			};
			name = Debug;
		};
		C873681F2C81944A0058C473 /* Release */ = {
			isa = XCBuildConfiguration;
			buildSettings = {
				ASSETCATALOG_COMPILER_APPICON_NAME = AppIcon;
				ASSETCATALOG_COMPILER_GLOBAL_ACCENT_COLOR_NAME = AccentColor;
				CODE_SIGN_ENTITLEMENTS = ShortcutsAI/ShortcutsAI.entitlements;
				"CODE_SIGN_IDENTITY[sdk=macosx*]" = "Apple Development";
				CODE_SIGN_STYLE = Automatic;
				COMBINE_HIDPI_IMAGES = YES;
				CURRENT_PROJECT_VERSION = 1;
				DEVELOPMENT_ASSET_PATHS = "\"ShortcutsAI/Preview Content\"";
				DEVELOPMENT_TEAM = 5UAVRHNB9N;
				ENABLE_HARDENED_RUNTIME = YES;
				ENABLE_PREVIEWS = YES;
				GENERATE_INFOPLIST_FILE = YES;
				INFOPLIST_KEY_NSHumanReadableCopyright = "";
				LD_RUNPATH_SEARCH_PATHS = (
					"$(inherited)",
					"@executable_path/../Frameworks",
				);
				MACOSX_DEPLOYMENT_TARGET = 13.0;
				MARKETING_VERSION = 1.0;
				PRODUCT_BUNDLE_IDENTIFIER = com.wongyichen.ShortcutsAI;
				PRODUCT_NAME = "$(TARGET_NAME)";
				SWIFT_EMIT_LOC_STRINGS = YES;
				SWIFT_VERSION = 5.0;
			};
			name = Release;
		};
/* End XCBuildConfiguration section */

/* Begin XCConfigurationList section */
		C87368092C8194480058C473 /* Build configuration list for PBXProject "ShortcutsAI" */ = {
			isa = XCConfigurationList;
			buildConfigurations = (
				C873681B2C81944A0058C473 /* Debug */,
				C873681C2C81944A0058C473 /* Release */,
			);
			defaultConfigurationIsVisible = 0;
			defaultConfigurationName = Release;
		};
		C873681D2C81944A0058C473 /* Build configuration list for PBXNativeTarget "ShortcutsAI" */ = {
			isa = XCConfigurationList;
			buildConfigurations = (
				C873681E2C81944A0058C473 /* Debug */,
				C873681F2C81944A0058C473 /* Release */,
			);
			defaultConfigurationIsVisible = 0;
			defaultConfigurationName = Release;
		};
/* End XCConfigurationList section */

/* Begin XCRemoteSwiftPackageReference section */
		C87368202C8195480058C473 /* XCRemoteSwiftPackageReference "realm-swift" */ = {
			isa = XCRemoteSwiftPackageReference;
			repositoryURL = "https://github.com/realm/realm-swift.git";
			requirement = {
				kind = upToNextMajorVersion;
				minimumVersion = 10.53.0;
			};
		};
/* End XCRemoteSwiftPackageReference section */

/* Begin XCSwiftPackageProductDependency section */
		C87368212C8195490058C473 /* RealmSwift */ = {
			isa = XCSwiftPackageProductDependency;
			package = C87368202C8195480058C473 /* XCRemoteSwiftPackageReference "realm-swift" */;
			productName = RealmSwift;
		};
/* End XCSwiftPackageProductDependency section */
	};
	rootObject = C87368062C8194480058C473 /* Project object */;
}
